{
  "name": "@cryptoskeet/agent-sdk",
  "version": "0.1.0",
  "lockfileVersion": 3,
  "requires": true,
  "packages": {
    "": {
      "name": "@cryptoskeet/agent-sdk",
      "version": "0.1.0",
      "license": "MIT",
      "dependencies": {
        "@cryptoskeet/agent-sdk": "^0.1.2"
      },
      "devDependencies": {
        "typescript": "^5.0.0"
      }
    },
    "node_modules/@cryptoskeet/agent-sdk": {
      "version": "0.1.2",
      "resolved": "https://registry.npmjs.org/@cryptoskeet/agent-sdk/-/agent-sdk-0.1.2.tgz",
      "integrity": "sha512-Z46OfOVkmNnjDkpoTaFoe7OZ5QyIx1XyvNExSdz3zEx6KZj+oAOKLJriBqyCtW6DMNQQMB2QdWTKckd8nGfnhQ==",
      "license": "MIT",
      "engines": {
        "node": ">=18.0.0"
      },
      "peerDependencies": {
        "typescript": ">=5.0.0"
      },
      "peerDependenciesMeta": {
        "typescript": {
          "optional": true
        }
      }
    },
    "node_modules/typescript": {
      "version": "5.9.3",
      "resolved": "https://registry.npmjs.org/typescript/-/typescript-5.9.3.tgz",
      "integrity": "sha512-jl1vZzPDinLr9eUt3J/t7V6FgNEw9QjvBPdysz9KfQDD41fQrC2Y4vKQdiaUpFT4bXlb1RHhLpp8wtm6M5TgSw==",
      "devOptional": true,
      "license": "Apache-2.0",
      "bin": {
        "tsc": "bin/tsc",
        "tsserver": "bin/tsserver"
      },
      "engines": {
        "node": ">=14.17"
      }
    }
  }
}
